{
 "placement": "spaced-balanced@1",
 "params": {
  "width": 44,
  "height": 26,
  "cityStateMax": 3,
  "civCount": 3,
  "layout": "continents",
  "landFraction": 0.35,
  "resourceMult": 1,
  "resourceWeights": [
   0.45,
   0.35,
   0.2
  ]
 },
 "genStamp": "a510f60df5a4baee3f1823875865bb823d8d4461a850888460b5b31b9be94ffb",
 "worlds": {
  "9001": "31746e14dd5195c29b8ca666da0849f960e2b07415acadb4465037ab03459dee",
  "9014": "0f3407f9df643342c818575e42ad4aacdf9ebfa30e8fc742e0d0214f8a540599",
  "9027": "ec80ce048d6b6348f51604a1d84e97fdaf4854426909cc09a82a97bf6cc2fe73",
  "9040": "aa41a4f49a0ba28bbce3c22c2756f6e42b3ab322b8e5b4127e4634d1846c1c2e",
  "9053": "c1379320de383e4954dce55f354e9a625bed8bdc041bbe76105074c92a2d9979",
  "9066": "0fac6f12f27c2b166e06f4a0be40950458b91822083e445aff582a7be7b72cd4",
  "9079": "acf1df21b8f5301e1df99aede06806d9163692cdb07218918ee71d1ad2427e84",
  "9092": "49a53d5c7315fe041857faf9f5f9ce213ff3788c8202cbcab37dc1696cb38b39",
  "9105": "a945cfca3278042bf026320d695aa0f86998c25faedcef1e96c34cf1941fb4cd",
  "9118": "4836a8f23f435351c0eb0cc88b23891aa0219e93fb15fb34b2f47515f2ce82eb",
  "9131": "058cb02dc918300835b9a4a8c152584418fddfe0f52bfa63aa4d2b619380f57c",
  "9144": "9ea48b9cefb3317e0a47fa530c5aab11260558f13b83e2ecba57be5dd172a2c1",
  "9157": "6b267f2b2f6f07d915c91c6ea7d7c4cb923f7301a01db923393ac6534e5a7064",
  "9170": "a3b69b6b3a6b436ce2ce2d9319bcf432c796c2bb6fd2ef28ecb376080d0c5773",
  "9183": "17961ee42ba461823f9dc3ee184f5d275432045010c06ee08cce4ed8b7435be4",
  "9196": "f9cab97c771bca7cb3903b42f2af6751a2117961c219c7adff60973c7d893778",
  "9209": "98199a48a242188c027b985a9b024b458fdeac8b072d307297f10163ea1e11eb",
  "9222": "39853711388cd553ff59d95ba6671b24d3d3addc569de3ec5ae496b4a1d753c6",
  "9235": "0076209c113363e5fc280c9eaeef61f05feceec9c8172a37899f5a4997d67e3d",
  "9248": "546101fb05b5ab3a5bf0c582e8896fe0a3d1e2e23148e5950de103332af6b723",
  "9261": "2f909db731c59bbd51665bc48d5e51c8e9ef674065880376ce84e2fffe78b30a",
  "9274": "c34b0a793893892fa9ba484458ac8f55d999ed0a6c3e325f976733088b0695e6",
  "9287": "05050fab1ab34099ee8469cc1748778e6a39556066c58ff4d6258e6aaa61a662",
  "9300": "10cf35b466a4e9c983f236febab36873a061ef7687cf1b7af948116caae9a2bf"
 }
}
