{
 "placement": "spaced-balanced@1",
 "params": {
  "width": 44,
  "height": 26,
  "cityStateMax": 3,
  "civCount": 3,
  "layout": "continents",
  "landFraction": 0.35,
  "resourceMult": 1,
  "resourceWeights": [
   0.45,
   0.35,
   0.2
  ]
 },
 "genStamp": "6b3c5bbe7ffa08a188b9b03e3c4d3cc6e238362513aa2de2077beed0b16129e8",
 "worlds": {
  "9001": "58908d57305e49d67a87c13a55565c4e34a95bc8ce71f967a378a14a16919ed3",
  "9014": "6b495d15c7c5b809d1f60c5a20f669a9bf5120a8200333a3d2cb6facb4fb00ea",
  "9027": "b83dda4f890760dec87a2bbf7ef724eaed659af0ce3c5f295b0f34b486553b45",
  "9040": "7563ec087421b9a063b63a437f520b672ed8161ec56930a303fa8d3d3f38a6f1",
  "9053": "afb852830379f614e35a0a641eb9fee3e264fea74a9951adcef95b86c2cab5e4",
  "9066": "d83618f31553a7bc919035f0a643244a94ec781a2aa17782e6655a13926d9eed",
  "9079": "23f87681c28696028bbcf13d8a3b355a797bf06e89750461c0762f5b01d5c30d",
  "9092": "55b201e45b682b191ca06bd6457c08a4ddd742697c5de3c39a9d4adfd422005e",
  "9105": "f3d02467299a113fbcde0386121bdd762d25c1cae0a682363e03bc3075e567e7",
  "9118": "92b159635bb02f9ccf757b476b55e78bc4d50708dce7e07e1acd2948a3aaf968",
  "9131": "5e5a4edd82277ba45b9bc13ac500e137b15cf2cd66538cdb69826890eedf1686",
  "9144": "385e547b1378a455535f7330ef9d71a2dead0726167ae78696f408c978ab013d",
  "9157": "039ffe668063cad28e1dc644576fad11cd656f576c599c642ba1f85b75e951f9",
  "9170": "4d21d17670c178c0f869f24d5646ea1545cbb0563da28edb5178f2e27b3eadc9",
  "9183": "4bff60dfe19c2e58e3150d9b8cddba675be4ae9f26ebcf280ca88891e1c64e6f",
  "9196": "49adb29893680f88d3f5055b57f0b72b8ff724a0a899417190d5fea767ae393d",
  "9209": "47ca74c2b907abbc2bf449f92df38fd678dadc6bf11f59c269b0e386892269de",
  "9222": "603e1ba04596c4ddbdbc3669351f10a5aa1b41201546b47955145077ce2dc4d9",
  "9235": "6f5820aece0c53ca9010f4252213c5cc68ce174201f90e77e64f4258e2276f90",
  "9248": "54e0afbed71455273b4e53330692eafe4c8e297f045a90dd14daf7a057381d57",
  "9261": "5019bc1d29f15a1f0a59e019f3c8cbec811d8ce57214a15f26d97b672a781b2a",
  "9274": "adf7e97dd607578480b5e4313f5b9a0c20b1e067d67e2e2b1cdce75f612253d9",
  "9287": "f406f02de439e76a3fc81c817bb8d304e1296df5299ab112a31ddc58a2e7368e",
  "9300": "b7ae52bb10ee781abfeba2bf3bb1cb27b7d282aa6d686a663da5baa955186048"
 }
}
