{
 "placement": "spaced-balanced@1",
 "params": {
  "width": 44,
  "height": 26,
  "cityStateMax": 3,
  "civCount": 3,
  "layout": "continents",
  "landFraction": 0.35,
  "resourceMult": 1,
  "resourceWeights": [
   0.45,
   0.35,
   0.2
  ]
 },
 "genStamp": "fb6927aeee038f50a6e55af0f3774ccb03b67f06c9a825d93d581c1c76149941",
 "worlds": {
  "9001": "d137830183a26c2fc8ddb5088bf7ed115341668ded2b8f4d7137e2b05f5a6147",
  "9014": "20cce18c9c63779901322f3cd6e6082a18e20be2ab9c0bfceca4ba0587ebac3f",
  "9027": "93d17eea2baf53880cbf6f18a52037ddc9bed7079d39c144a1eea3663a62e7e0",
  "9040": "c82e0471ca1e79ece96660cbf96adaaaa8fd1b49479aee146696479802c9339b",
  "9053": "1bea095363240c7dcc65e355cd1bc2d66273a2e154ba5a5d9afc3a265aefd3f7",
  "9066": "b8edc7df7f902bf60e7521873157c2a6c3cfa81c9f566aa4eeabb2c5b10fccf5",
  "9079": "1123b5f6475c7d438e81c3aa5cede2cefedeb650f8ca70eb46f9a6d40c1c45ed",
  "9092": "9c7c4342071532588f2c801235d6b3ac524eee93af944c746fda7a4b7c0eb7bc",
  "9105": "743add77eccc554e1e0cb904a552faabec8a04956a626ab35cec6172d3192971",
  "9118": "740cccce6cb78fbf50bce80fd3fe5296b94e12fe5c29f08dce88249302d22427",
  "9131": "26c3c572e1cec0a110618289d30ea1a3c4ec044af8ba3a5675e911f3acbefaca",
  "9144": "c7179abd8b1c398926fd550a7c20486eb6ed13e5cefe02a564aca1b405cea7fc",
  "9157": "ac944e5c225b73ca24aa6678dfc19141f5c860486ca27d9f4f0882daa1ab5812",
  "9170": "85f76707224cd4111720f8a02e7cf2afaee104aecf80c570564c324f9e5f4092",
  "9183": "522dc1788d7ac89feea089f228858269eb4ee8fc5c7b66b695eac08e83b55e26",
  "9196": "45169f8e6ed78b0ef1e8363e19cd9c51027df2b89ef6210bd5b6921660ff27ea",
  "9209": "9521ea52b715a2356d51c1af094688ff6a9223cebe81367957c183a749a1aaf2",
  "9222": "26fa2c902864630701a1cc5994c66d6a849578e9a2078d4acc26acd7632d0a9a",
  "9235": "393b325f03d496601588436a1b0a0b4272e6caacb49c14e808c10c827a560954",
  "9248": "7268b72b9b46459586155ca5cf96f257942db58e8645bc6d38aa59831e991b9c",
  "9261": "5d92021bcb28c7ca8c0b69407bdb8fb32cdacbd115775b84d8e705d8fb77b9cf",
  "9274": "e60094c7c1262189312c72488b6a91a860d742c17bd3128b3409a0a32179d19d",
  "9287": "e0beb86b16326082439de3d04a2876aa50bb0ca48d74c1a9c38c44b8839ea913",
  "9300": "79985a44e31b3dbe0c96baac85fa36efb90d47ffd7eae3e6db0908cf22d6b5f6"
 }
}
